// !$*UTF8*$!
{
	archiveVersion = 1;
	classes = {
	};
	objectVersion = 48;
	objects = {

/* Begin PBXBuildFile section */
		B4131E1E211E7A41004BABC2 /* UIButtonExt.swift in Sources */ = {isa = PBXBuildFile; fileRef = B4131E1D211E7A41004BABC2 /* UIButtonExt.swift */; };
		B4248965211EDEC800E34348 /* FinishGoalVC.swift in Sources */ = {isa = PBXBuildFile; fileRef = B4248964211EDEC800E34348 /* FinishGoalVC.swift */; };
		B4E69126211C2A3E00E633CB /* AppDelegate.swift in Sources */ = {isa = PBXBuildFile; fileRef = B4E69125211C2A3E00E633CB /* AppDelegate.swift */; };
		B4E69128211C2A3E00E633CB /* GoalsVC.swift in Sources */ = {isa = PBXBuildFile; fileRef = B4E69127211C2A3E00E633CB /* GoalsVC.swift */; };
		B4E6912B211C2A3E00E633CB /* Main.storyboard in Resources */ = {isa = PBXBuildFile; fileRef = B4E69129211C2A3E00E633CB /* Main.storyboard */; };
		B4E6912E211C2A3E00E633CB /* CoreDataMarkPrice.xcdatamodeld in Sources */ = {isa = PBXBuildFile; fileRef = B4E6912C211C2A3E00E633CB /* CoreDataMarkPrice.xcdatamodeld */; };
		B4E69130211C2A3E00E633CB /* Assets.xcassets in Resources */ = {isa = PBXBuildFile; fileRef = B4E6912F211C2A3E00E633CB /* Assets.xcassets */; };
		B4E69133211C2A3E00E633CB /* LaunchScreen.storyboard in Resources */ = {isa = PBXBuildFile; fileRef = B4E69131211C2A3E00E633CB /* LaunchScreen.storyboard */; };
		B4E6913F211C751E00E633CB /* GoalCell.swift in Sources */ = {isa = PBXBuildFile; fileRef = B4E6913E211C751E00E633CB /* GoalCell.swift */; };
		B4E69141211C8FDB00E633CB /* GoalType.swift in Sources */ = {isa = PBXBuildFile; fileRef = B4E69140211C8FDB00E633CB /* GoalType.swift */; };
		B4E69143211C9EDF00E633CB /* CreateGoalVC.swift in Sources */ = {isa = PBXBuildFile; fileRef = B4E69142211C9EDF00E633CB /* CreateGoalVC.swift */; };
		B4E69146211D367600E633CB /* UIViewControllerExt.swift in Sources */ = {isa = PBXBuildFile; fileRef = B4E69145211D367600E633CB /* UIViewControllerExt.swift */; };
		B4E69148211D7D9900E633CB /* UIViewExt.swift in Sources */ = {isa = PBXBuildFile; fileRef = B4E69147211D7D9900E633CB /* UIViewExt.swift */; };
/* End PBXBuildFile section */

/* Begin PBXFileReference section */
		B4131E1D211E7A41004BABC2 /* UIButtonExt.swift */ = {isa = PBXFileReference; lastKnownFileType = sourcecode.swift; path = UIButtonExt.swift; sourceTree = "<group>"; };
		B4248964211EDEC800E34348 /* FinishGoalVC.swift */ = {isa = PBXFileReference; lastKnownFileType = sourcecode.swift; path = FinishGoalVC.swift; sourceTree = "<group>"; };
		B4E69122211C2A3E00E633CB /* CoreDataMarkPrice.app */ = {isa = PBXFileReference; explicitFileType = wrapper.application; includeInIndex = 0; path = CoreDataMarkPrice.app; sourceTree = BUILT_PRODUCTS_DIR; };
		B4E69125211C2A3E00E633CB /* AppDelegate.swift */ = {isa = PBXFileReference; lastKnownFileType = sourcecode.swift; path = AppDelegate.swift; sourceTree = "<group>"; };
		B4E69127211C2A3E00E633CB /* GoalsVC.swift */ = {isa = PBXFileReference; lastKnownFileType = sourcecode.swift; path = GoalsVC.swift; sourceTree = "<group>"; };
		B4E6912A211C2A3E00E633CB /* Base */ = {isa = PBXFileReference; lastKnownFileType = file.storyboard; name = Base; path = Base.lproj/Main.storyboard; sourceTree = "<group>"; };
		B4E6912D211C2A3E00E633CB /* CoreDataMarkPrice.xcdatamodel */ = {isa = PBXFileReference; lastKnownFileType = wrapper.xcdatamodel; path = CoreDataMarkPrice.xcdatamodel; sourceTree = "<group>"; };
		B4E6912F211C2A3E00E633CB /* Assets.xcassets */ = {isa = PBXFileReference; lastKnownFileType = folder.assetcatalog; path = Assets.xcassets; sourceTree = "<group>"; };
		B4E69132211C2A3E00E633CB /* Base */ = {isa = PBXFileReference; lastKnownFileType = file.storyboard; name = Base; path = Base.lproj/LaunchScreen.storyboard; sourceTree = "<group>"; };
		B4E69134211C2A3E00E633CB /* Info.plist */ = {isa = PBXFileReference; lastKnownFileType = text.plist.xml; path = Info.plist; sourceTree = "<group>"; };
		B4E6913E211C751E00E633CB /* GoalCell.swift */ = {isa = PBXFileReference; lastKnownFileType = sourcecode.swift; path = GoalCell.swift; sourceTree = "<group>"; };
		B4E69140211C8FDB00E633CB /* GoalType.swift */ = {isa = PBXFileReference; lastKnownFileType = sourcecode.swift; path = GoalType.swift; sourceTree = "<group>"; };
		B4E69142211C9EDF00E633CB /* CreateGoalVC.swift */ = {isa = PBXFileReference; lastKnownFileType = sourcecode.swift; path = CreateGoalVC.swift; sourceTree = "<group>"; };
		B4E69145211D367600E633CB /* UIViewControllerExt.swift */ = {isa = PBXFileReference; lastKnownFileType = sourcecode.swift; path = UIViewControllerExt.swift; sourceTree = "<group>"; };
		B4E69147211D7D9900E633CB /* UIViewExt.swift */ = {isa = PBXFileReference; lastKnownFileType = sourcecode.swift; path = UIViewExt.swift; sourceTree = "<group>"; };
/* End PBXFileReference section */

/* Begin PBXFrameworksBuildPhase section */
		B4E6911F211C2A3E00E633CB /* Frameworks */ = {
			isa = PBXFrameworksBuildPhase;
			buildActionMask = 2147483647;
			files = (
			);
			runOnlyForDeploymentPostprocessing = 0;
		};
/* End PBXFrameworksBuildPhase section */

/* Begin PBXGroup section */
		B4E69119211C2A3E00E633CB = {
			isa = PBXGroup;
			children = (
				B4E69124211C2A3E00E633CB /* CoreDataMarkPrice */,
				B4E69123211C2A3E00E633CB /* Products */,
			);
			sourceTree = "<group>";
		};
		B4E69123211C2A3E00E633CB /* Products */ = {
			isa = PBXGroup;
			children = (
				B4E69122211C2A3E00E633CB /* CoreDataMarkPrice.app */,
			);
			name = Products;
			sourceTree = "<group>";
		};
		B4E69124211C2A3E00E633CB /* CoreDataMarkPrice */ = {
			isa = PBXGroup;
			children = (
				B4E6913B211C2AC100E633CB /* Enums */,
				B4E6913C211C2AD400E633CB /* Extensions */,
				B4E6913A211C2AA200E633CB /* Controllers */,
				B4E6913D211C2DC800E633CB /* View */,
				B4E69125211C2A3E00E633CB /* AppDelegate.swift */,
				B4E69129211C2A3E00E633CB /* Main.storyboard */,
				B4E6912F211C2A3E00E633CB /* Assets.xcassets */,
				B4E69131211C2A3E00E633CB /* LaunchScreen.storyboard */,
				B4E69134211C2A3E00E633CB /* Info.plist */,
				B4E6912C211C2A3E00E633CB /* CoreDataMarkPrice.xcdatamodeld */,
			);
			path = CoreDataMarkPrice;
			sourceTree = "<group>";
		};
		B4E6913A211C2AA200E633CB /* Controllers */ = {
			isa = PBXGroup;
			children = (
				B4E69127211C2A3E00E633CB /* GoalsVC.swift */,
				B4E69142211C9EDF00E633CB /* CreateGoalVC.swift */,
				B4248964211EDEC800E34348 /* FinishGoalVC.swift */,
			);
			path = Controllers;
			sourceTree = "<group>";
		};
		B4E6913B211C2AC100E633CB /* Enums */ = {
			isa = PBXGroup;
			children = (
				B4E69140211C8FDB00E633CB /* GoalType.swift */,
			);
			path = Enums;
			sourceTree = "<group>";
		};
		B4E6913C211C2AD400E633CB /* Extensions */ = {
			isa = PBXGroup;
			children = (
				B4E69145211D367600E633CB /* UIViewControllerExt.swift */,
				B4E69147211D7D9900E633CB /* UIViewExt.swift */,
				B4131E1D211E7A41004BABC2 /* UIButtonExt.swift */,
			);
			path = Extensions;
			sourceTree = "<group>";
		};
		B4E6913D211C2DC800E633CB /* View */ = {
			isa = PBXGroup;
			children = (
				B4E6913E211C751E00E633CB /* GoalCell.swift */,
			);
			path = View;
			sourceTree = "<group>";
		};
/* End PBXGroup section */

/* Begin PBXNativeTarget section */
		B4E69121211C2A3E00E633CB /* CoreDataMarkPrice */ = {
			isa = PBXNativeTarget;
			buildConfigurationList = B4E69137211C2A3E00E633CB /* Build configuration list for PBXNativeTarget "CoreDataMarkPrice" */;
			buildPhases = (
				B4E6911E211C2A3E00E633CB /* Sources */,
				B4E6911F211C2A3E00E633CB /* Frameworks */,
				B4E69120211C2A3E00E633CB /* Resources */,
			);
			buildRules = (
			);
			dependencies = (
			);
			name = CoreDataMarkPrice;
			productName = CoreDataMarkPrice;
			productReference = B4E69122211C2A3E00E633CB /* CoreDataMarkPrice.app */;
			productType = "com.apple.product-type.application";
		};
/* End PBXNativeTarget section */

/* Begin PBXProject section */
		B4E6911A211C2A3E00E633CB /* Project object */ = {
			isa = PBXProject;
			attributes = {
				LastSwiftUpdateCheck = 0920;
				LastUpgradeCheck = 0920;
				ORGANIZATIONNAME = RN;
				TargetAttributes = {
					B4E69121211C2A3E00E633CB = {
						CreatedOnToolsVersion = 9.2;
						ProvisioningStyle = Automatic;
					};
				};
			};
			buildConfigurationList = B4E6911D211C2A3E00E633CB /* Build configuration list for PBXProject "CoreDataMarkPrice" */;
			compatibilityVersion = "Xcode 8.0";
			developmentRegion = en;
			hasScannedForEncodings = 0;
			knownRegions = (
				en,
				Base,
			);
			mainGroup = B4E69119211C2A3E00E633CB;
			productRefGroup = B4E69123211C2A3E00E633CB /* Products */;
			projectDirPath = "";
			projectRoot = "";
			targets = (
				B4E69121211C2A3E00E633CB /* CoreDataMarkPrice */,
			);
		};
/* End PBXProject section */

/* Begin PBXResourcesBuildPhase section */
		B4E69120211C2A3E00E633CB /* Resources */ = {
			isa = PBXResourcesBuildPhase;
			buildActionMask = 2147483647;
			files = (
				B4E69133211C2A3E00E633CB /* LaunchScreen.storyboard in Resources */,
				B4E69130211C2A3E00E633CB /* Assets.xcassets in Resources */,
				B4E6912B211C2A3E00E633CB /* Main.storyboard in Resources */,
			);
			runOnlyForDeploymentPostprocessing = 0;
		};
/* End PBXResourcesBuildPhase section */

/* Begin PBXSourcesBuildPhase section */
		B4E6911E211C2A3E00E633CB /* Sources */ = {
			isa = PBXSourcesBuildPhase;
			buildActionMask = 2147483647;
			files = (
				B4248965211EDEC800E34348 /* FinishGoalVC.swift in Sources */,
				B4E6913F211C751E00E633CB /* GoalCell.swift in Sources */,
				B4E69143211C9EDF00E633CB /* CreateGoalVC.swift in Sources */,
				B4E69141211C8FDB00E633CB /* GoalType.swift in Sources */,
				B4E69128211C2A3E00E633CB /* GoalsVC.swift in Sources */,
				B4E6912E211C2A3E00E633CB /* CoreDataMarkPrice.xcdatamodeld in Sources */,
				B4E69148211D7D9900E633CB /* UIViewExt.swift in Sources */,
				B4E69146211D367600E633CB /* UIViewControllerExt.swift in Sources */,
				B4131E1E211E7A41004BABC2 /* UIButtonExt.swift in Sources */,
				B4E69126211C2A3E00E633CB /* AppDelegate.swift in Sources */,
			);
			runOnlyForDeploymentPostprocessing = 0;
		};
/* End PBXSourcesBuildPhase section */

/* Begin PBXVariantGroup section */
		B4E69129211C2A3E00E633CB /* Main.storyboard */ = {
			isa = PBXVariantGroup;
			children = (
				B4E6912A211C2A3E00E633CB /* Base */,
			);
			name = Main.storyboard;
			sourceTree = "<group>";
		};
		B4E69131211C2A3E00E633CB /* LaunchScreen.storyboard */ = {
			isa = PBXVariantGroup;
			children = (
				B4E69132211C2A3E00E633CB /* Base */,
			);
			name = LaunchScreen.storyboard;
			sourceTree = "<group>";
		};
/* End PBXVariantGroup section */

/* Begin XCBuildConfiguration section */
		B4E69135211C2A3E00E633CB /* Debug */ = {
			isa = XCBuildConfiguration;
			buildSettings = {
				ALWAYS_SEARCH_USER_PATHS = NO;
				CLANG_ANALYZER_NONNULL = YES;
				CLANG_ANALYZER_NUMBER_OBJECT_CONVERSION = YES_AGGRESSIVE;
				CLANG_CXX_LANGUAGE_STANDARD = "gnu++14";
				CLANG_CXX_LIBRARY = "libc++";
				CLANG_ENABLE_MODULES = YES;
				CLANG_ENABLE_OBJC_ARC = YES;
				CLANG_WARN_BLOCK_CAPTURE_AUTORELEASING = YES;
				CLANG_WARN_BOOL_CONVERSION = YES;
				CLANG_WARN_COMMA = YES;
				CLANG_WARN_CONSTANT_CONVERSION = YES;
				CLANG_WARN_DIRECT_OBJC_ISA_USAGE = YES_ERROR;
				CLANG_WARN_DOCUMENTATION_COMMENTS = YES;
				CLANG_WARN_EMPTY_BODY = YES;
				CLANG_WARN_ENUM_CONVERSION = YES;
				CLANG_WARN_INFINITE_RECURSION = YES;
				CLANG_WARN_INT_CONVERSION = YES;
				CLANG_WARN_NON_LITERAL_NULL_CONVERSION = YES;
				CLANG_WARN_OBJC_LITERAL_CONVERSION = YES;
				CLANG_WARN_OBJC_ROOT_CLASS = YES_ERROR;
				CLANG_WARN_RANGE_LOOP_ANALYSIS = YES;
				CLANG_WARN_STRICT_PROTOTYPES = YES;
				CLANG_WARN_SUSPICIOUS_MOVE = YES;
				CLANG_WARN_UNGUARDED_AVAILABILITY = YES_AGGRESSIVE;
				CLANG_WARN_UNREACHABLE_CODE = YES;
				CLANG_WARN__DUPLICATE_METHOD_MATCH = YES;
				CODE_SIGN_IDENTITY = "iPhone Developer";
				COPY_PHASE_STRIP = NO;
				DEBUG_INFORMATION_FORMAT = dwarf;
				ENABLE_STRICT_OBJC_MSGSEND = YES;
				ENABLE_TESTABILITY = YES;
				GCC_C_LANGUAGE_STANDARD = gnu11;
				GCC_DYNAMIC_NO_PIC = NO;
				GCC_NO_COMMON_BLOCKS = YES;
				GCC_OPTIMIZATION_LEVEL = 0;
				GCC_PREPROCESSOR_DEFINITIONS = (
					"DEBUG=1",
					"$(inherited)",
				);
				GCC_WARN_64_TO_32_BIT_CONVERSION = YES;
				GCC_WARN_ABOUT_RETURN_TYPE = YES_ERROR;
				GCC_WARN_UNDECLARED_SELECTOR = YES;
				GCC_WARN_UNINITIALIZED_AUTOS = YES_AGGRESSIVE;
				GCC_WARN_UNUSED_FUNCTION = YES;
				GCC_WARN_UNUSED_VARIABLE = YES;
				IPHONEOS_DEPLOYMENT_TARGET = 11.2;
				MTL_ENABLE_DEBUG_INFO = YES;
				ONLY_ACTIVE_ARCH = YES;
				SDKROOT = iphoneos;
				SWIFT_ACTIVE_COMPILATION_CONDITIONS = DEBUG;
				SWIFT_OPTIMIZATION_LEVEL = "-Onone";
			};
			name = Debug;
		};
		B4E69136211C2A3E00E633CB /* Release */ = {
			isa = XCBuildConfiguration;
			buildSettings = {
				ALWAYS_SEARCH_USER_PATHS = NO;
				CLANG_ANALYZER_NONNULL = YES;
				CLANG_ANALYZER_NUMBER_OBJECT_CONVERSION = YES_AGGRESSIVE;
				CLANG_CXX_LANGUAGE_STANDARD = "gnu++14";
				CLANG_CXX_LIBRARY = "libc++";
				CLANG_ENABLE_MODULES = YES;
				CLANG_ENABLE_OBJC_ARC = YES;
				CLANG_WARN_BLOCK_CAPTURE_AUTORELEASING = YES;
				CLANG_WARN_BOOL_CONVERSION = YES;
				CLANG_WARN_COMMA = YES;
				CLANG_WARN_CONSTANT_CONVERSION = YES;
				CLANG_WARN_DIRECT_OBJC_ISA_USAGE = YES_ERROR;
				CLANG_WARN_DOCUMENTATION_COMMENTS = YES;
				CLANG_WARN_EMPTY_BODY = YES;
				CLANG_WARN_ENUM_CONVERSION = YES;
				CLANG_WARN_INFINITE_RECURSION = YES;
				CLANG_WARN_INT_CONVERSION = YES;
				CLANG_WARN_NON_LITERAL_NULL_CONVERSION = YES;
				CLANG_WARN_OBJC_LITERAL_CONVERSION = YES;
				CLANG_WARN_OBJC_ROOT_CLASS = YES_ERROR;
				CLANG_WARN_RANGE_LOOP_ANALYSIS = YES;
				CLANG_WARN_STRICT_PROTOTYPES = YES;
				CLANG_WARN_SUSPICIOUS_MOVE = YES;
				CLANG_WARN_UNGUARDED_AVAILABILITY = YES_AGGRESSIVE;
				CLANG_WARN_UNREACHABLE_CODE = YES;
				CLANG_WARN__DUPLICATE_METHOD_MATCH = YES;
				CODE_SIGN_IDENTITY = "iPhone Developer";
				COPY_PHASE_STRIP = NO;
				DEBUG_INFORMATION_FORMAT = "dwarf-with-dsym";
				ENABLE_NS_ASSERTIONS = NO;
				ENABLE_STRICT_OBJC_MSGSEND = YES;
				GCC_C_LANGUAGE_STANDARD = gnu11;
				GCC_NO_COMMON_BLOCKS = YES;
				GCC_WARN_64_TO_32_BIT_CONVERSION = YES;
				GCC_WARN_ABOUT_RETURN_TYPE = YES_ERROR;
				GCC_WARN_UNDECLARED_SELECTOR = YES;
				GCC_WARN_UNINITIALIZED_AUTOS = YES_AGGRESSIVE;
				GCC_WARN_UNUSED_FUNCTION = YES;
				GCC_WARN_UNUSED_VARIABLE = YES;
				IPHONEOS_DEPLOYMENT_TARGET = 11.2;
				MTL_ENABLE_DEBUG_INFO = NO;
				SDKROOT = iphoneos;
				SWIFT_OPTIMIZATION_LEVEL = "-Owholemodule";
				VALIDATE_PRODUCT = YES;
			};
			name = Release;
		};
		B4E69138211C2A3E00E633CB /* Debug */ = {
			isa = XCBuildConfiguration;
			buildSettings = {
				ASSETCATALOG_COMPILER_APPICON_NAME = AppIcon;
				CODE_SIGN_STYLE = Automatic;
				INFOPLIST_FILE = CoreDataMarkPrice/Info.plist;
				LD_RUNPATH_SEARCH_PATHS = "$(inherited) @executable_path/Frameworks";
				PRODUCT_BUNDLE_IDENTIFIER = com.rn.CoreDataMarkPrice;
				PRODUCT_NAME = "$(TARGET_NAME)";
				SWIFT_VERSION = 4.0;
				TARGETED_DEVICE_FAMILY = "1,2";
			};
			name = Debug;
		};
		B4E69139211C2A3E00E633CB /* Release */ = {
			isa = XCBuildConfiguration;
			buildSettings = {
				ASSETCATALOG_COMPILER_APPICON_NAME = AppIcon;
				CODE_SIGN_STYLE = Automatic;
				INFOPLIST_FILE = CoreDataMarkPrice/Info.plist;
				LD_RUNPATH_SEARCH_PATHS = "$(inherited) @executable_path/Frameworks";
				PRODUCT_BUNDLE_IDENTIFIER = com.rn.CoreDataMarkPrice;
				PRODUCT_NAME = "$(TARGET_NAME)";
				SWIFT_VERSION = 4.0;
				TARGETED_DEVICE_FAMILY = "1,2";
			};
			name = Release;
		};
/* End XCBuildConfiguration section */

/* Begin XCConfigurationList section */
		B4E6911D211C2A3E00E633CB /* Build configuration list for PBXProject "CoreDataMarkPrice" */ = {
			isa = XCConfigurationList;
			buildConfigurations = (
				B4E69135211C2A3E00E633CB /* Debug */,
				B4E69136211C2A3E00E633CB /* Release */,
			);
			defaultConfigurationIsVisible = 0;
			defaultConfigurationName = Release;
		};
		B4E69137211C2A3E00E633CB /* Build configuration list for PBXNativeTarget "CoreDataMarkPrice" */ = {
			isa = XCConfigurationList;
			buildConfigurations = (
				B4E69138211C2A3E00E633CB /* Debug */,
				B4E69139211C2A3E00E633CB /* Release */,
			);
			defaultConfigurationIsVisible = 0;
			defaultConfigurationName = Release;
		};
/* End XCConfigurationList section */

/* Begin XCVersionGroup section */
		B4E6912C211C2A3E00E633CB /* CoreDataMarkPrice.xcdatamodeld */ = {
			isa = XCVersionGroup;
			children = (
				B4E6912D211C2A3E00E633CB /* CoreDataMarkPrice.xcdatamodel */,
			);
			currentVersion = B4E6912D211C2A3E00E633CB /* CoreDataMarkPrice.xcdatamodel */;
			path = CoreDataMarkPrice.xcdatamodeld;
			sourceTree = "<group>";
			versionGroupType = wrapper.xcdatamodel;
		};
/* End XCVersionGroup section */
	};
	rootObject = B4E6911A211C2A3E00E633CB /* Project object */;
}
